{
  "name": "ishida-vr-harness",
  "lockfileVersion": 3,
  "requires": true,
  "packages": {
    "": {
      "name": "ishida-vr-harness",
      "dependencies": {
        "@ruffle-rs/ruffle": "^0.5.0"
      }
    },
    "node_modules/@ruffle-rs/ruffle": {
      "version": "0.5.0",
      "resolved": "https://registry.npmjs.org/@ruffle-rs/ruffle/-/ruffle-0.5.0.tgz",
      "integrity": "sha512-BBlfXsOkUXtB1wMUC5y27v6SRdDsuVYdPzGq80MzmF1QWryHkWYZh4I7I22uura07TFNzBeb5RKsyjct3JTjLA==",
      "license": "(MIT OR Apache-2.0)"
    }
  }
}
